// !$*UTF8*$!
{
	archiveVersion = 1;
	classes = {
	};
	objectVersion = 46;
	objects = {

/* Begin PBXBuildFile section */
		2238B0441B1C1E9F00E32662 /* AppDelegate.swift in Sources */ = {isa = PBXBuildFile; fileRef = 2238B0431B1C1E9F00E32662 /* AppDelegate.swift */; };
		2238B0471B1C1E9F00E32662 /* RPSLS.xcdatamodeld in Sources */ = {isa = PBXBuildFile; fileRef = 2238B0451B1C1E9F00E32662 /* RPSLS.xcdatamodeld */; };
		2238B0491B1C1E9F00E32662 /* ViewController.swift in Sources */ = {isa = PBXBuildFile; fileRef = 2238B0481B1C1E9F00E32662 /* ViewController.swift */; };
		2238B04C1B1C1E9F00E32662 /* Main.storyboard in Resources */ = {isa = PBXBuildFile; fileRef = 2238B04A1B1C1E9F00E32662 /* Main.storyboard */; };
		2238B04E1B1C1E9F00E32662 /* Images.xcassets in Resources */ = {isa = PBXBuildFile; fileRef = 2238B04D1B1C1E9F00E32662 /* Images.xcassets */; };
		2238B0511B1C1E9F00E32662 /* LaunchScreen.xib in Resources */ = {isa = PBXBuildFile; fileRef = 2238B04F1B1C1E9F00E32662 /* LaunchScreen.xib */; };
		2238B05D1B1C1E9F00E32662 /* RPSLSTests.swift in Sources */ = {isa = PBXBuildFile; fileRef = 2238B05C1B1C1E9F00E32662 /* RPSLSTests.swift */; };
		2238B0671B1C1FCE00E32662 /* GameController.swift in Sources */ = {isa = PBXBuildFile; fileRef = 2238B0661B1C1FCE00E32662 /* GameController.swift */; };
/* End PBXBuildFile section */

/* Begin PBXContainerItemProxy section */
		2238B0571B1C1E9F00E32662 /* PBXContainerItemProxy */ = {
			isa = PBXContainerItemProxy;
			containerPortal = 2238B0361B1C1E9F00E32662 /* Project object */;
			proxyType = 1;
			remoteGlobalIDString = 2238B03D1B1C1E9F00E32662;
			remoteInfo = RPSLS;
		};
/* End PBXContainerItemProxy section */

/* Begin PBXFileReference section */
		2238B03E1B1C1E9F00E32662 /* RPSLS.app */ = {isa = PBXFileReference; explicitFileType = wrapper.application; includeInIndex = 0; path = RPSLS.app; sourceTree = BUILT_PRODUCTS_DIR; };
		2238B0421B1C1E9F00E32662 /* Info.plist */ = {isa = PBXFileReference; lastKnownFileType = text.plist.xml; path = Info.plist; sourceTree = "<group>"; };
		2238B0431B1C1E9F00E32662 /* AppDelegate.swift */ = {isa = PBXFileReference; lastKnownFileType = sourcecode.swift; path = AppDelegate.swift; sourceTree = "<group>"; };
		2238B0461B1C1E9F00E32662 /* RPSLS.xcdatamodel */ = {isa = PBXFileReference; lastKnownFileType = wrapper.xcdatamodel; path = RPSLS.xcdatamodel; sourceTree = "<group>"; };
		2238B0481B1C1E9F00E32662 /* ViewController.swift */ = {isa = PBXFileReference; lastKnownFileType = sourcecode.swift; path = ViewController.swift; sourceTree = "<group>"; };
		2238B04B1B1C1E9F00E32662 /* Base */ = {isa = PBXFileReference; lastKnownFileType = file.storyboard; name = Base; path = Base.lproj/Main.storyboard; sourceTree = "<group>"; };
		2238B04D1B1C1E9F00E32662 /* Images.xcassets */ = {isa = PBXFileReference; lastKnownFileType = folder.assetcatalog; path = Images.xcassets; sourceTree = "<group>"; };
		2238B0501B1C1E9F00E32662 /* Base */ = {isa = PBXFileReference; lastKnownFileType = file.xib; name = Base; path = Base.lproj/LaunchScreen.xib; sourceTree = "<group>"; };
		2238B0561B1C1E9F00E32662 /* RPSLSTests.xctest */ = {isa = PBXFileReference; explicitFileType = wrapper.cfbundle; includeInIndex = 0; path = RPSLSTests.xctest; sourceTree = BUILT_PRODUCTS_DIR; };
		2238B05B1B1C1E9F00E32662 /* Info.plist */ = {isa = PBXFileReference; lastKnownFileType = text.plist.xml; path = Info.plist; sourceTree = "<group>"; };
		2238B05C1B1C1E9F00E32662 /* RPSLSTests.swift */ = {isa = PBXFileReference; lastKnownFileType = sourcecode.swift; path = RPSLSTests.swift; sourceTree = "<group>"; };
		2238B0661B1C1FCE00E32662 /* GameController.swift */ = {isa = PBXFileReference; fileEncoding = 4; lastKnownFileType = sourcecode.swift; path = GameController.swift; sourceTree = "<group>"; };
/* End PBXFileReference section */

/* Begin PBXFrameworksBuildPhase section */
		2238B03B1B1C1E9F00E32662 /* Frameworks */ = {
			isa = PBXFrameworksBuildPhase;
			buildActionMask = 2147483647;
			files = (
			);
			runOnlyForDeploymentPostprocessing = 0;
		};
		2238B0531B1C1E9F00E32662 /* Frameworks */ = {
			isa = PBXFrameworksBuildPhase;
			buildActionMask = 2147483647;
			files = (
			);
			runOnlyForDeploymentPostprocessing = 0;
		};
/* End PBXFrameworksBuildPhase section */

/* Begin PBXGroup section */
		2238B0351B1C1E9F00E32662 = {
			isa = PBXGroup;
			children = (
				2238B0401B1C1E9F00E32662 /* RPSLS */,
				2238B0591B1C1E9F00E32662 /* RPSLSTests */,
				2238B03F1B1C1E9F00E32662 /* Products */,
			);
			sourceTree = "<group>";
		};
		2238B03F1B1C1E9F00E32662 /* Products */ = {
			isa = PBXGroup;
			children = (
				2238B03E1B1C1E9F00E32662 /* RPSLS.app */,
				2238B0561B1C1E9F00E32662 /* RPSLSTests.xctest */,
			);
			name = Products;
			sourceTree = "<group>";
		};
		2238B0401B1C1E9F00E32662 /* RPSLS */ = {
			isa = PBXGroup;
			children = (
				2238B0431B1C1E9F00E32662 /* AppDelegate.swift */,
				2238B0481B1C1E9F00E32662 /* ViewController.swift */,
				2238B04A1B1C1E9F00E32662 /* Main.storyboard */,
				2238B04D1B1C1E9F00E32662 /* Images.xcassets */,
				2238B04F1B1C1E9F00E32662 /* LaunchScreen.xib */,
				2238B0451B1C1E9F00E32662 /* RPSLS.xcdatamodeld */,
				2238B0411B1C1E9F00E32662 /* Supporting Files */,
				2238B0661B1C1FCE00E32662 /* GameController.swift */,
			);
			path = RPSLS;
			sourceTree = "<group>";
		};
		2238B0411B1C1E9F00E32662 /* Supporting Files */ = {
			isa = PBXGroup;
			children = (
				2238B0421B1C1E9F00E32662 /* Info.plist */,
			);
			name = "Supporting Files";
			sourceTree = "<group>";
		};
		2238B0591B1C1E9F00E32662 /* RPSLSTests */ = {
			isa = PBXGroup;
			children = (
				2238B05C1B1C1E9F00E32662 /* RPSLSTests.swift */,
				2238B05A1B1C1E9F00E32662 /* Supporting Files */,
			);
			path = RPSLSTests;
			sourceTree = "<group>";
		};
		2238B05A1B1C1E9F00E32662 /* Supporting Files */ = {
			isa = PBXGroup;
			children = (
				2238B05B1B1C1E9F00E32662 /* Info.plist */,
			);
			name = "Supporting Files";
			sourceTree = "<group>";
		};
/* End PBXGroup section */

/* Begin PBXNativeTarget section */
		2238B03D1B1C1E9F00E32662 /* RPSLS */ = {
			isa = PBXNativeTarget;
			buildConfigurationList = 2238B0601B1C1E9F00E32662 /* Build configuration list for PBXNativeTarget "RPSLS" */;
			buildPhases = (
				2238B03A1B1C1E9F00E32662 /* Sources */,
				2238B03B1B1C1E9F00E32662 /* Frameworks */,
				2238B03C1B1C1E9F00E32662 /* Resources */,
			);
			buildRules = (
			);
			dependencies = (
			);
			name = RPSLS;
			productName = RPSLS;
			productReference = 2238B03E1B1C1E9F00E32662 /* RPSLS.app */;
			productType = "com.apple.product-type.application";
		};
		2238B0551B1C1E9F00E32662 /* RPSLSTests */ = {
			isa = PBXNativeTarget;
			buildConfigurationList = 2238B0631B1C1E9F00E32662 /* Build configuration list for PBXNativeTarget "RPSLSTests" */;
			buildPhases = (
				2238B0521B1C1E9F00E32662 /* Sources */,
				2238B0531B1C1E9F00E32662 /* Frameworks */,
				2238B0541B1C1E9F00E32662 /* Resources */,
			);
			buildRules = (
			);
			dependencies = (
				2238B0581B1C1E9F00E32662 /* PBXTargetDependency */,
			);
			name = RPSLSTests;
			productName = RPSLSTests;
			productReference = 2238B0561B1C1E9F00E32662 /* RPSLSTests.xctest */;
			productType = "com.apple.product-type.bundle.unit-test";
		};
/* End PBXNativeTarget section */

/* Begin PBXProject section */
		2238B0361B1C1E9F00E32662 /* Project object */ = {
			isa = PBXProject;
			attributes = {
				LastUpgradeCheck = 0630;
				ORGANIZATIONNAME = "Sam M";
				TargetAttributes = {
					2238B03D1B1C1E9F00E32662 = {
						CreatedOnToolsVersion = 6.3.2;
					};
					2238B0551B1C1E9F00E32662 = {
						CreatedOnToolsVersion = 6.3.2;
						TestTargetID = 2238B03D1B1C1E9F00E32662;
					};
				};
			};
			buildConfigurationList = 2238B0391B1C1E9F00E32662 /* Build configuration list for PBXProject "RPSLS" */;
			compatibilityVersion = "Xcode 3.2";
			developmentRegion = English;
			hasScannedForEncodings = 0;
			knownRegions = (
				en,
				Base,
			);
			mainGroup = 2238B0351B1C1E9F00E32662;
			productRefGroup = 2238B03F1B1C1E9F00E32662 /* Products */;
			projectDirPath = "";
			projectRoot = "";
			targets = (
				2238B03D1B1C1E9F00E32662 /* RPSLS */,
				2238B0551B1C1E9F00E32662 /* RPSLSTests */,
			);
		};
/* End PBXProject section */

/* Begin PBXResourcesBuildPhase section */
		2238B03C1B1C1E9F00E32662 /* Resources */ = {
			isa = PBXResourcesBuildPhase;
			buildActionMask = 2147483647;
			files = (
				2238B04C1B1C1E9F00E32662 /* Main.storyboard in Resources */,
				2238B0511B1C1E9F00E32662 /* LaunchScreen.xib in Resources */,
				2238B04E1B1C1E9F00E32662 /* Images.xcassets in Resources */,
			);
			runOnlyForDeploymentPostprocessing = 0;
		};
		2238B0541B1C1E9F00E32662 /* Resources */ = {
			isa = PBXResourcesBuildPhase;
			buildActionMask = 2147483647;
			files = (
			);
			runOnlyForDeploymentPostprocessing = 0;
		};
/* End PBXResourcesBuildPhase section */

/* Begin PBXSourcesBuildPhase section */
		2238B03A1B1C1E9F00E32662 /* Sources */ = {
			isa = PBXSourcesBuildPhase;
			buildActionMask = 2147483647;
			files = (
				2238B0491B1C1E9F00E32662 /* ViewController.swift in Sources */,
				2238B0671B1C1FCE00E32662 /* GameController.swift in Sources */,
				2238B0471B1C1E9F00E32662 /* RPSLS.xcdatamodeld in Sources */,
				2238B0441B1C1E9F00E32662 /* AppDelegate.swift in Sources */,
			);
			runOnlyForDeploymentPostprocessing = 0;
		};
		2238B0521B1C1E9F00E32662 /* Sources */ = {
			isa = PBXSourcesBuildPhase;
			buildActionMask = 2147483647;
			files = (
				2238B05D1B1C1E9F00E32662 /* RPSLSTests.swift in Sources */,
			);
			runOnlyForDeploymentPostprocessing = 0;
		};
/* End PBXSourcesBuildPhase section */

/* Begin PBXTargetDependency section */
		2238B0581B1C1E9F00E32662 /* PBXTargetDependency */ = {
			isa = PBXTargetDependency;
			target = 2238B03D1B1C1E9F00E32662 /* RPSLS */;
			targetProxy = 2238B0571B1C1E9F00E32662 /* PBXContainerItemProxy */;
		};
/* End PBXTargetDependency section */

/* Begin PBXVariantGroup section */
		2238B04A1B1C1E9F00E32662 /* Main.storyboard */ = {
			isa = PBXVariantGroup;
			children = (
				2238B04B1B1C1E9F00E32662 /* Base */,
			);
			name = Main.storyboard;
			sourceTree = "<group>";
		};
		2238B04F1B1C1E9F00E32662 /* LaunchScreen.xib */ = {
			isa = PBXVariantGroup;
			children = (
				2238B0501B1C1E9F00E32662 /* Base */,
			);
			name = LaunchScreen.xib;
			sourceTree = "<group>";
		};
/* End PBXVariantGroup section */

/* Begin XCBuildConfiguration section */
		2238B05E1B1C1E9F00E32662 /* Debug */ = {
			isa = XCBuildConfiguration;
			buildSettings = {
				ALWAYS_SEARCH_USER_PATHS = NO;
				CLANG_CXX_LANGUAGE_STANDARD = "gnu++0x";
				CLANG_CXX_LIBRARY = "libc++";
				CLANG_ENABLE_MODULES = YES;
				CLANG_ENABLE_OBJC_ARC = YES;
				CLANG_WARN_BOOL_CONVERSION = YES;
				CLANG_WARN_CONSTANT_CONVERSION = YES;
				CLANG_WARN_DIRECT_OBJC_ISA_USAGE = YES_ERROR;
				CLANG_WARN_EMPTY_BODY = YES;
				CLANG_WARN_ENUM_CONVERSION = YES;
				CLANG_WARN_INT_CONVERSION = YES;
				CLANG_WARN_OBJC_ROOT_CLASS = YES_ERROR;
				CLANG_WARN_UNREACHABLE_CODE = YES;
				CLANG_WARN__DUPLICATE_METHOD_MATCH = YES;
				"CODE_SIGN_IDENTITY[sdk=iphoneos*]" = "iPhone Developer";
				COPY_PHASE_STRIP = NO;
				DEBUG_INFORMATION_FORMAT = "dwarf-with-dsym";
				ENABLE_STRICT_OBJC_MSGSEND = YES;
				GCC_C_LANGUAGE_STANDARD = gnu99;
				GCC_DYNAMIC_NO_PIC = NO;
				GCC_NO_COMMON_BLOCKS = YES;
				GCC_OPTIMIZATION_LEVEL = 0;
				GCC_PREPROCESSOR_DEFINITIONS = (
					"DEBUG=1",
					"$(inherited)",
				);
				GCC_SYMBOLS_PRIVATE_EXTERN = NO;
				GCC_WARN_64_TO_32_BIT_CONVERSION = YES;
				GCC_WARN_ABOUT_RETURN_TYPE = YES_ERROR;
				GCC_WARN_UNDECLARED_SELECTOR = YES;
				GCC_WARN_UNINITIALIZED_AUTOS = YES_AGGRESSIVE;
				GCC_WARN_UNUSED_FUNCTION = YES;
				GCC_WARN_UNUSED_VARIABLE = YES;
				IPHONEOS_DEPLOYMENT_TARGET = 8.3;
				MTL_ENABLE_DEBUG_INFO = YES;
				ONLY_ACTIVE_ARCH = YES;
				SDKROOT = iphoneos;
				SWIFT_OPTIMIZATION_LEVEL = "-Onone";
			};
			name = Debug;
		};
		2238B05F1B1C1E9F00E32662 /* Release */ = {
			isa = XCBuildConfiguration;
			buildSettings = {
				ALWAYS_SEARCH_USER_PATHS = NO;
				CLANG_CXX_LANGUAGE_STANDARD = "gnu++0x";
				CLANG_CXX_LIBRARY = "libc++";
				CLANG_ENABLE_MODULES = YES;
				CLANG_ENABLE_OBJC_ARC = YES;
				CLANG_WARN_BOOL_CONVERSION = YES;
				CLANG_WARN_CONSTANT_CONVERSION = YES;
				CLANG_WARN_DIRECT_OBJC_ISA_USAGE = YES_ERROR;
				CLANG_WARN_EMPTY_BODY = YES;
				CLANG_WARN_ENUM_CONVERSION = YES;
				CLANG_WARN_INT_CONVERSION = YES;
				CLANG_WARN_OBJC_ROOT_CLASS = YES_ERROR;
				CLANG_WARN_UNREACHABLE_CODE = YES;
				CLANG_WARN__DUPLICATE_METHOD_MATCH = YES;
				"CODE_SIGN_IDENTITY[sdk=iphoneos*]" = "iPhone Developer";
				COPY_PHASE_STRIP = NO;
				DEBUG_INFORMATION_FORMAT = "dwarf-with-dsym";
				ENABLE_NS_ASSERTIONS = NO;
				ENABLE_STRICT_OBJC_MSGSEND = YES;
				GCC_C_LANGUAGE_STANDARD = gnu99;
				GCC_NO_COMMON_BLOCKS = YES;
				GCC_WARN_64_TO_32_BIT_CONVERSION = YES;
				GCC_WARN_ABOUT_RETURN_TYPE = YES_ERROR;
				GCC_WARN_UNDECLARED_SELECTOR = YES;
				GCC_WARN_UNINITIALIZED_AUTOS = YES_AGGRESSIVE;
				GCC_WARN_UNUSED_FUNCTION = YES;
				GCC_WARN_UNUSED_VARIABLE = YES;
				IPHONEOS_DEPLOYMENT_TARGET = 8.3;
				MTL_ENABLE_DEBUG_INFO = NO;
				SDKROOT = iphoneos;
				VALIDATE_PRODUCT = YES;
			};
			name = Release;
		};
		2238B0611B1C1E9F00E32662 /* Debug */ = {
			isa = XCBuildConfiguration;
			buildSettings = {
				ASSETCATALOG_COMPILER_APPICON_NAME = AppIcon;
				INFOPLIST_FILE = RPSLS/Info.plist;
				LD_RUNPATH_SEARCH_PATHS = "$(inherited) @executable_path/Frameworks";
				PRODUCT_NAME = "$(TARGET_NAME)";
			};
			name = Debug;
		};
		2238B0621B1C1E9F00E32662 /* Release */ = {
			isa = XCBuildConfiguration;
			buildSettings = {
				ASSETCATALOG_COMPILER_APPICON_NAME = AppIcon;
				INFOPLIST_FILE = RPSLS/Info.plist;
				LD_RUNPATH_SEARCH_PATHS = "$(inherited) @executable_path/Frameworks";
				PRODUCT_NAME = "$(TARGET_NAME)";
			};
			name = Release;
		};
		2238B0641B1C1E9F00E32662 /* Debug */ = {
			isa = XCBuildConfiguration;
			buildSettings = {
				BUNDLE_LOADER = "$(TEST_HOST)";
				FRAMEWORK_SEARCH_PATHS = (
					"$(SDKROOT)/Developer/Library/Frameworks",
					"$(inherited)",
				);
				GCC_PREPROCESSOR_DEFINITIONS = (
					"DEBUG=1",
					"$(inherited)",
				);
				INFOPLIST_FILE = RPSLSTests/Info.plist;
				LD_RUNPATH_SEARCH_PATHS = "$(inherited) @executable_path/Frameworks @loader_path/Frameworks";
				PRODUCT_NAME = "$(TARGET_NAME)";
				TEST_HOST = "$(BUILT_PRODUCTS_DIR)/RPSLS.app/RPSLS";
			};
			name = Debug;
		};
		2238B0651B1C1E9F00E32662 /* Release */ = {
			isa = XCBuildConfiguration;
			buildSettings = {
				BUNDLE_LOADER = "$(TEST_HOST)";
				FRAMEWORK_SEARCH_PATHS = (
					"$(SDKROOT)/Developer/Library/Frameworks",
					"$(inherited)",
				);
				INFOPLIST_FILE = RPSLSTests/Info.plist;
				LD_RUNPATH_SEARCH_PATHS = "$(inherited) @executable_path/Frameworks @loader_path/Frameworks";
				PRODUCT_NAME = "$(TARGET_NAME)";
				TEST_HOST = "$(BUILT_PRODUCTS_DIR)/RPSLS.app/RPSLS";
			};
			name = Release;
		};
/* End XCBuildConfiguration section */

/* Begin XCConfigurationList section */
		2238B0391B1C1E9F00E32662 /* Build configuration list for PBXProject "RPSLS" */ = {
			isa = XCConfigurationList;
			buildConfigurations = (
				2238B05E1B1C1E9F00E32662 /* Debug */,
				2238B05F1B1C1E9F00E32662 /* Release */,
			);
			defaultConfigurationIsVisible = 0;
			defaultConfigurationName = Release;
		};
		2238B0601B1C1E9F00E32662 /* Build configuration list for PBXNativeTarget "RPSLS" */ = {
			isa = XCConfigurationList;
			buildConfigurations = (
				2238B0611B1C1E9F00E32662 /* Debug */,
				2238B0621B1C1E9F00E32662 /* Release */,
			);
			defaultConfigurationIsVisible = 0;
		};
		2238B0631B1C1E9F00E32662 /* Build configuration list for PBXNativeTarget "RPSLSTests" */ = {
			isa = XCConfigurationList;
			buildConfigurations = (
				2238B0641B1C1E9F00E32662 /* Debug */,
				2238B0651B1C1E9F00E32662 /* Release */,
			);
			defaultConfigurationIsVisible = 0;
		};
/* End XCConfigurationList section */

/* Begin XCVersionGroup section */
		2238B0451B1C1E9F00E32662 /* RPSLS.xcdatamodeld */ = {
			isa = XCVersionGroup;
			children = (
				2238B0461B1C1E9F00E32662 /* RPSLS.xcdatamodel */,
			);
			currentVersion = 2238B0461B1C1E9F00E32662 /* RPSLS.xcdatamodel */;
			path = RPSLS.xcdatamodeld;
			sourceTree = "<group>";
			versionGroupType = wrapper.xcdatamodel;
		};
/* End XCVersionGroup section */
	};
	rootObject = 2238B0361B1C1E9F00E32662 /* Project object */;
}
